// !$*UTF8*$!
{
	archiveVersion = 1;
	classes = {
	};
	objectVersion = 77;
	objects = {

/* Begin PBXContainerItemProxy section */
		E308C94F2CB239B800AA51D1 /* PBXContainerItemProxy */ = {
			isa = PBXContainerItemProxy;
			containerPortal = E308C9362CB239B600AA51D1 /* Project object */;
			proxyType = 1;
			remoteGlobalIDString = E308C93D2CB239B600AA51D1;
			remoteInfo = TakeHomeExercise;
		};
		E308C9592CB239B800AA51D1 /* PBXContainerItemProxy */ = {
			isa = PBXContainerItemProxy;
			containerPortal = E308C9362CB239B600AA51D1 /* Project object */;
			proxyType = 1;
			remoteGlobalIDString = E308C93D2CB239B600AA51D1;
			remoteInfo = TakeHomeExercise;
		};
/* End PBXContainerItemProxy section */

/* Begin PBXFileReference section */
		E308C93E2CB239B600AA51D1 /* TakeHomeExercise.app */ = {isa = PBXFileReference; explicitFileType = wrapper.application; includeInIndex = 0; path = TakeHomeExercise.app; sourceTree = BUILT_PRODUCTS_DIR; };
		E308C94E2CB239B800AA51D1 /* TakeHomeExerciseTests.xctest */ = {isa = PBXFileReference; explicitFileType = wrapper.cfbundle; includeInIndex = 0; path = TakeHomeExerciseTests.xctest; sourceTree = BUILT_PRODUCTS_DIR; };
		E308C9582CB239B800AA51D1 /* TakeHomeExerciseUITests.xctest */ = {isa = PBXFileReference; explicitFileType = wrapper.cfbundle; includeInIndex = 0; path = TakeHomeExerciseUITests.xctest; sourceTree = BUILT_PRODUCTS_DIR; };
/* End PBXFileReference section */

/* Begin PBXFileSystemSynchronizedRootGroup section */
		E308C9402CB239B600AA51D1 /* TakeHomeExercise */ = {
			isa = PBXFileSystemSynchronizedRootGroup;
			path = TakeHomeExercise;
			sourceTree = "<group>";
		};
		E308C9512CB239B800AA51D1 /* TakeHomeExerciseTests */ = {
			isa = PBXFileSystemSynchronizedRootGroup;
			path = TakeHomeExerciseTests;
			sourceTree = "<group>";
		};
		E308C95B2CB239B800AA51D1 /* TakeHomeExerciseUITests */ = {
			isa = PBXFileSystemSynchronizedRootGroup;
			path = TakeHomeExerciseUITests;
			sourceTree = "<group>";
		};
/* End PBXFileSystemSynchronizedRootGroup section */

/* Begin PBXFrameworksBuildPhase section */
		E308C93B2CB239B600AA51D1 /* Frameworks */ = {
			isa = PBXFrameworksBuildPhase;
			buildActionMask = 2147483647;
			files = (
			);
			runOnlyForDeploymentPostprocessing = 0;
		};
		E308C94B2CB239B800AA51D1 /* Frameworks */ = {
			isa = PBXFrameworksBuildPhase;
			buildActionMask = 2147483647;
			files = (
			);
			runOnlyForDeploymentPostprocessing = 0;
		};
		E308C9552CB239B800AA51D1 /* Frameworks */ = {
			isa = PBXFrameworksBuildPhase;
			buildActionMask = 2147483647;
			files = (
			);
			runOnlyForDeploymentPostprocessing = 0;
		};
/* End PBXFrameworksBuildPhase section */

/* Begin PBXGroup section */
		E308C9352CB239B600AA51D1 = {
			isa = PBXGroup;
			children = (
				E308C9402CB239B600AA51D1 /* TakeHomeExercise */,
				E308C9512CB239B800AA51D1 /* TakeHomeExerciseTests */,
				E308C95B2CB239B800AA51D1 /* TakeHomeExerciseUITests */,
				E308C93F2CB239B600AA51D1 /* Products */,
			);
			sourceTree = "<group>";
		};
		E308C93F2CB239B600AA51D1 /* Products */ = {
			isa = PBXGroup;
			children = (
				E308C93E2CB239B600AA51D1 /* TakeHomeExercise.app */,
				E308C94E2CB239B800AA51D1 /* TakeHomeExerciseTests.xctest */,
				E308C9582CB239B800AA51D1 /* TakeHomeExerciseUITests.xctest */,
			);
			name = Products;
			sourceTree = "<group>";
		};
/* End PBXGroup section */

/* Begin PBXNativeTarget section */
		E308C93D2CB239B600AA51D1 /* TakeHomeExercise */ = {
			isa = PBXNativeTarget;
			buildConfigurationList = E308C9622CB239B800AA51D1 /* Build configuration list for PBXNativeTarget "TakeHomeExercise" */;
			buildPhases = (
				E308C93A2CB239B600AA51D1 /* Sources */,
				E308C93B2CB239B600AA51D1 /* Frameworks */,
				E308C93C2CB239B600AA51D1 /* Resources */,
			);
			buildRules = (
			);
			dependencies = (
			);
			fileSystemSynchronizedGroups = (
				E308C9402CB239B600AA51D1 /* TakeHomeExercise */,
			);
			name = TakeHomeExercise;
			packageProductDependencies = (
			);
			productName = TakeHomeExercise;
			productReference = E308C93E2CB239B600AA51D1 /* TakeHomeExercise.app */;
			productType = "com.apple.product-type.application";
		};
		E308C94D2CB239B800AA51D1 /* TakeHomeExerciseTests */ = {
			isa = PBXNativeTarget;
			buildConfigurationList = E308C9652CB239B800AA51D1 /* Build configuration list for PBXNativeTarget "TakeHomeExerciseTests" */;
			buildPhases = (
				E308C94A2CB239B800AA51D1 /* Sources */,
				E308C94B2CB239B800AA51D1 /* Frameworks */,
				E308C94C2CB239B800AA51D1 /* Resources */,
			);
			buildRules = (
			);
			dependencies = (
				E308C9502CB239B800AA51D1 /* PBXTargetDependency */,
			);
			fileSystemSynchronizedGroups = (
				E308C9512CB239B800AA51D1 /* TakeHomeExerciseTests */,
			);
			name = TakeHomeExerciseTests;
			packageProductDependencies = (
			);
			productName = TakeHomeExerciseTests;
			productReference = E308C94E2CB239B800AA51D1 /* TakeHomeExerciseTests.xctest */;
			productType = "com.apple.product-type.bundle.unit-test";
		};
		E308C9572CB239B800AA51D1 /* TakeHomeExerciseUITests */ = {
			isa = PBXNativeTarget;
			buildConfigurationList = E308C9682CB239B800AA51D1 /* Build configuration list for PBXNativeTarget "TakeHomeExerciseUITests" */;
			buildPhases = (
				E308C9542CB239B800AA51D1 /* Sources */,
				E308C9552CB239B800AA51D1 /* Frameworks */,
				E308C9562CB239B800AA51D1 /* Resources */,
			);
			buildRules = (
			);
			dependencies = (
				E308C95A2CB239B800AA51D1 /* PBXTargetDependency */,
			);
			fileSystemSynchronizedGroups = (
				E308C95B2CB239B800AA51D1 /* TakeHomeExerciseUITests */,
			);
			name = TakeHomeExerciseUITests;
			packageProductDependencies = (
			);
			productName = TakeHomeExerciseUITests;
			productReference = E308C9582CB239B800AA51D1 /* TakeHomeExerciseUITests.xctest */;
			productType = "com.apple.product-type.bundle.ui-testing";
		};
/* End PBXNativeTarget section */

/* Begin PBXProject section */
		E308C9362CB239B600AA51D1 /* Project object */ = {
			isa = PBXProject;
			attributes = {
				BuildIndependentTargetsInParallel = 1;
				LastSwiftUpdateCheck = 1610;
				LastUpgradeCheck = 1610;
				TargetAttributes = {
					E308C93D2CB239B600AA51D1 = {
						CreatedOnToolsVersion = 16.1;
					};
					E308C94D2CB239B800AA51D1 = {
						CreatedOnToolsVersion = 16.1;
						TestTargetID = E308C93D2CB239B600AA51D1;
					};
					E308C9572CB239B800AA51D1 = {
						CreatedOnToolsVersion = 16.1;
						TestTargetID = E308C93D2CB239B600AA51D1;
					};
				};
			};
			buildConfigurationList = E308C9392CB239B600AA51D1 /* Build configuration list for PBXProject "TakeHomeExercise" */;
			developmentRegion = en;
			hasScannedForEncodings = 0;
			knownRegions = (
				en,
				Base,
			);
			mainGroup = E308C9352CB239B600AA51D1;
			minimizedProjectReferenceProxies = 1;
			packageReferences = (
			);
			preferredProjectObjectVersion = 77;
			productRefGroup = E308C93F2CB239B600AA51D1 /* Products */;
			projectDirPath = "";
			projectRoot = "";
			targets = (
				E308C93D2CB239B600AA51D1 /* TakeHomeExercise */,
				E308C94D2CB239B800AA51D1 /* TakeHomeExerciseTests */,
				E308C9572CB239B800AA51D1 /* TakeHomeExerciseUITests */,
			);
		};
/* End PBXProject section */

/* Begin PBXResourcesBuildPhase section */
		E308C93C2CB239B600AA51D1 /* Resources */ = {
			isa = PBXResourcesBuildPhase;
			buildActionMask = 2147483647;
			files = (
			);
			runOnlyForDeploymentPostprocessing = 0;
		};
		E308C94C2CB239B800AA51D1 /* Resources */ = {
			isa = PBXResourcesBuildPhase;
			buildActionMask = 2147483647;
			files = (
			);
			runOnlyForDeploymentPostprocessing = 0;
		};
		E308C9562CB239B800AA51D1 /* Resources */ = {
			isa = PBXResourcesBuildPhase;
			buildActionMask = 2147483647;
			files = (
			);
			runOnlyForDeploymentPostprocessing = 0;
		};
/* End PBXResourcesBuildPhase section */

/* Begin PBXSourcesBuildPhase section */
		E308C93A2CB239B600AA51D1 /* Sources */ = {
			isa = PBXSourcesBuildPhase;
			buildActionMask = 2147483647;
			files = (
			);
			runOnlyForDeploymentPostprocessing = 0;
		};
		E308C94A2CB239B800AA51D1 /* Sources */ = {
			isa = PBXSourcesBuildPhase;
			buildActionMask = 2147483647;
			files = (
			);
			runOnlyForDeploymentPostprocessing = 0;
		};
		E308C9542CB239B800AA51D1 /* Sources */ = {
			isa = PBXSourcesBuildPhase;
			buildActionMask = 2147483647;
			files = (
			);
			runOnlyForDeploymentPostprocessing = 0;
		};
/* End PBXSourcesBuildPhase section */

/* Begin PBXTargetDependency section */
		E308C9502CB239B800AA51D1 /* PBXTargetDependency */ = {
			isa = PBXTargetDependency;
			target = E308C93D2CB239B600AA51D1 /* TakeHomeExercise */;
			targetProxy = E308C94F2CB239B800AA51D1 /* PBXContainerItemProxy */;
		};
		E308C95A2CB239B800AA51D1 /* PBXTargetDependency */ = {
			isa = PBXTargetDependency;
			target = E308C93D2CB239B600AA51D1 /* TakeHomeExercise */;
			targetProxy = E308C9592CB239B800AA51D1 /* PBXContainerItemProxy */;
		};
/* End PBXTargetDependency section */

/* Begin XCBuildConfiguration section */
		E308C9602CB239B800AA51D1 /* Debug */ = {
			isa = XCBuildConfiguration;
			buildSettings = {
				ALWAYS_SEARCH_USER_PATHS = NO;
				ASSETCATALOG_COMPILER_GENERATE_SWIFT_ASSET_SYMBOL_EXTENSIONS = YES;
				CLANG_ANALYZER_NONNULL = YES;
				CLANG_ANALYZER_NUMBER_OBJECT_CONVERSION = YES_AGGRESSIVE;
				CLANG_CXX_LANGUAGE_STANDARD = "gnu++20";
				CLANG_ENABLE_MODULES = YES;
				CLANG_ENABLE_OBJC_ARC = YES;
				CLANG_ENABLE_OBJC_WEAK = YES;
				CLANG_WARN_BLOCK_CAPTURE_AUTORELEASING = YES;
				CLANG_WARN_BOOL_CONVERSION = YES;
				CLANG_WARN_COMMA = YES;
				CLANG_WARN_CONSTANT_CONVERSION = YES;
				CLANG_WARN_DEPRECATED_OBJC_IMPLEMENTATIONS = YES;
				CLANG_WARN_DIRECT_OBJC_ISA_USAGE = YES_ERROR;
				CLANG_WARN_DOCUMENTATION_COMMENTS = YES;
				CLANG_WARN_EMPTY_BODY = YES;
				CLANG_WARN_ENUM_CONVERSION = YES;
				CLANG_WARN_INFINITE_RECURSION = YES;
				CLANG_WARN_INT_CONVERSION = YES;
				CLANG_WARN_NON_LITERAL_NULL_CONVERSION = YES;
				CLANG_WARN_OBJC_IMPLICIT_RETAIN_SELF = YES;
				CLANG_WARN_OBJC_LITERAL_CONVERSION = YES;
				CLANG_WARN_OBJC_ROOT_CLASS = YES_ERROR;
				CLANG_WARN_QUOTED_INCLUDE_IN_FRAMEWORK_HEADER = YES;
				CLANG_WARN_RANGE_LOOP_ANALYSIS = YES;
				CLANG_WARN_STRICT_PROTOTYPES = YES;
				CLANG_WARN_SUSPICIOUS_MOVE = YES;
				CLANG_WARN_UNGUARDED_AVAILABILITY = YES_AGGRESSIVE;
				CLANG_WARN_UNREACHABLE_CODE = YES;
				CLANG_WARN__DUPLICATE_METHOD_MATCH = YES;
				COPY_PHASE_STRIP = NO;
				DEBUG_INFORMATION_FORMAT = dwarf;
				ENABLE_STRICT_OBJC_MSGSEND = YES;
				ENABLE_TESTABILITY = YES;
				ENABLE_USER_SCRIPT_SANDBOXING = YES;
				GCC_C_LANGUAGE_STANDARD = gnu17;
				GCC_DYNAMIC_NO_PIC = NO;
				GCC_NO_COMMON_BLOCKS = YES;
				GCC_OPTIMIZATION_LEVEL = 0;
				GCC_PREPROCESSOR_DEFINITIONS = (
					"DEBUG=1",
					"$(inherited)",
				);
				GCC_WARN_64_TO_32_BIT_CONVERSION = YES;
				GCC_WARN_ABOUT_RETURN_TYPE = YES_ERROR;
				GCC_WARN_UNDECLARED_SELECTOR = YES;
				GCC_WARN_UNINITIALIZED_AUTOS = YES_AGGRESSIVE;
				GCC_WARN_UNUSED_FUNCTION = YES;
				GCC_WARN_UNUSED_VARIABLE = YES;
				IPHONEOS_DEPLOYMENT_TARGET = 18.1;
				LOCALIZATION_PREFERS_STRING_CATALOGS = YES;
				MTL_ENABLE_DEBUG_INFO = INCLUDE_SOURCE;
				MTL_FAST_MATH = YES;
				ONLY_ACTIVE_ARCH = YES;
				SDKROOT = iphoneos;
				SWIFT_ACTIVE_COMPILATION_CONDITIONS = "DEBUG $(inherited)";
				SWIFT_OPTIMIZATION_LEVEL = "-Onone";
			};
			name = Debug;
		};
		E308C9612CB239B800AA51D1 /* Release */ = {
			isa = XCBuildConfiguration;
			buildSettings = {
				ALWAYS_SEARCH_USER_PATHS = NO;
				ASSETCATALOG_COMPILER_GENERATE_SWIFT_ASSET_SYMBOL_EXTENSIONS = YES;
				CLANG_ANALYZER_NONNULL = YES;
				CLANG_ANALYZER_NUMBER_OBJECT_CONVERSION = YES_AGGRESSIVE;
				CLANG_CXX_LANGUAGE_STANDARD = "gnu++20";
				CLANG_ENABLE_MODULES = YES;
				CLANG_ENABLE_OBJC_ARC = YES;
				CLANG_ENABLE_OBJC_WEAK = YES;
				CLANG_WARN_BLOCK_CAPTURE_AUTORELEASING = YES;
				CLANG_WARN_BOOL_CONVERSION = YES;
				CLANG_WARN_COMMA = YES;
				CLANG_WARN_CONSTANT_CONVERSION = YES;
				CLANG_WARN_DEPRECATED_OBJC_IMPLEMENTATIONS = YES;
				CLANG_WARN_DIRECT_OBJC_ISA_USAGE = YES_ERROR;
				CLANG_WARN_DOCUMENTATION_COMMENTS = YES;
				CLANG_WARN_EMPTY_BODY = YES;
				CLANG_WARN_ENUM_CONVERSION = YES;
				CLANG_WARN_INFINITE_RECURSION = YES;
				CLANG_WARN_INT_CONVERSION = YES;
				CLANG_WARN_NON_LITERAL_NULL_CONVERSION = YES;
				CLANG_WARN_OBJC_IMPLICIT_RETAIN_SELF = YES;
				CLANG_WARN_OBJC_LITERAL_CONVERSION = YES;
				CLANG_WARN_OBJC_ROOT_CLASS = YES_ERROR;
				CLANG_WARN_QUOTED_INCLUDE_IN_FRAMEWORK_HEADER = YES;
				CLANG_WARN_RANGE_LOOP_ANALYSIS = YES;
				CLANG_WARN_STRICT_PROTOTYPES = YES;
				CLANG_WARN_SUSPICIOUS_MOVE = YES;
				CLANG_WARN_UNGUARDED_AVAILABILITY = YES_AGGRESSIVE;
				CLANG_WARN_UNREACHABLE_CODE = YES;
				CLANG_WARN__DUPLICATE_METHOD_MATCH = YES;
				COPY_PHASE_STRIP = NO;
				DEBUG_INFORMATION_FORMAT = "dwarf-with-dsym";
				ENABLE_NS_ASSERTIONS = NO;
				ENABLE_STRICT_OBJC_MSGSEND = YES;
				ENABLE_USER_SCRIPT_SANDBOXING = YES;
				GCC_C_LANGUAGE_STANDARD = gnu17;
				GCC_NO_COMMON_BLOCKS = YES;
				GCC_WARN_64_TO_32_BIT_CONVERSION = YES;
				GCC_WARN_ABOUT_RETURN_TYPE = YES_ERROR;
				GCC_WARN_UNDECLARED_SELECTOR = YES;
				GCC_WARN_UNINITIALIZED_AUTOS = YES_AGGRESSIVE;
				GCC_WARN_UNUSED_FUNCTION = YES;
				GCC_WARN_UNUSED_VARIABLE = YES;
				IPHONEOS_DEPLOYMENT_TARGET = 18.1;
				LOCALIZATION_PREFERS_STRING_CATALOGS = YES;
				MTL_ENABLE_DEBUG_INFO = NO;
				MTL_FAST_MATH = YES;
				SDKROOT = iphoneos;
				SWIFT_COMPILATION_MODE = wholemodule;
				VALIDATE_PRODUCT = YES;
			};
			name = Release;
		};
		E308C9632CB239B800AA51D1 /* Debug */ = {
			isa = XCBuildConfiguration;
			buildSettings = {
				ASSETCATALOG_COMPILER_APPICON_NAME = AppIcon;
				ASSETCATALOG_COMPILER_GLOBAL_ACCENT_COLOR_NAME = AccentColor;
				CODE_SIGN_STYLE = Automatic;
				CURRENT_PROJECT_VERSION = 1;
				DEVELOPMENT_ASSET_PATHS = "\"TakeHomeExercise/Preview Content\"";
				ENABLE_PREVIEWS = YES;
				GENERATE_INFOPLIST_FILE = YES;
				INFOPLIST_KEY_UIApplicationSceneManifest_Generation = YES;
				INFOPLIST_KEY_UIApplicationSupportsIndirectInputEvents = YES;
				INFOPLIST_KEY_UILaunchScreen_Generation = YES;
				INFOPLIST_KEY_UISupportedInterfaceOrientations_iPad = "UIInterfaceOrientationPortrait UIInterfaceOrientationPortraitUpsideDown UIInterfaceOrientationLandscapeLeft UIInterfaceOrientationLandscapeRight";
				INFOPLIST_KEY_UISupportedInterfaceOrientations_iPhone = "UIInterfaceOrientationPortrait UIInterfaceOrientationLandscapeLeft UIInterfaceOrientationLandscapeRight";
				IPHONEOS_DEPLOYMENT_TARGET = 16.6;
				LD_RUNPATH_SEARCH_PATHS = (
					"$(inherited)",
					"@executable_path/Frameworks",
				);
				MARKETING_VERSION = 1.0;
				PRODUCT_BUNDLE_IDENTIFIER = com.Fetch.TakeHomeExercise;
				PRODUCT_NAME = "$(TARGET_NAME)";
				SWIFT_EMIT_LOC_STRINGS = YES;
				SWIFT_VERSION = 5.0;
				TARGETED_DEVICE_FAMILY = "1,2";
			};
			name = Debug;
		};
		E308C9642CB239B800AA51D1 /* Release */ = {
			isa = XCBuildConfiguration;
			buildSettings = {
				ASSETCATALOG_COMPILER_APPICON_NAME = AppIcon;
				ASSETCATALOG_COMPILER_GLOBAL_ACCENT_COLOR_NAME = AccentColor;
				CODE_SIGN_STYLE = Automatic;
				CURRENT_PROJECT_VERSION = 1;
				DEVELOPMENT_ASSET_PATHS = "\"TakeHomeExercise/Preview Content\"";
				ENABLE_PREVIEWS = YES;
				GENERATE_INFOPLIST_FILE = YES;
				INFOPLIST_KEY_UIApplicationSceneManifest_Generation = YES;
				INFOPLIST_KEY_UIApplicationSupportsIndirectInputEvents = YES;
				INFOPLIST_KEY_UILaunchScreen_Generation = YES;
				INFOPLIST_KEY_UISupportedInterfaceOrientations_iPad = "UIInterfaceOrientationPortrait UIInterfaceOrientationPortraitUpsideDown UIInterfaceOrientationLandscapeLeft UIInterfaceOrientationLandscapeRight";
				INFOPLIST_KEY_UISupportedInterfaceOrientations_iPhone = "UIInterfaceOrientationPortrait UIInterfaceOrientationLandscapeLeft UIInterfaceOrientationLandscapeRight";
				IPHONEOS_DEPLOYMENT_TARGET = 16.6;
				LD_RUNPATH_SEARCH_PATHS = (
					"$(inherited)",
					"@executable_path/Frameworks",
				);
				MARKETING_VERSION = 1.0;
				PRODUCT_BUNDLE_IDENTIFIER = com.Fetch.TakeHomeExercise;
				PRODUCT_NAME = "$(TARGET_NAME)";
				SWIFT_EMIT_LOC_STRINGS = YES;
				SWIFT_VERSION = 5.0;
				TARGETED_DEVICE_FAMILY = "1,2";
			};
			name = Release;
		};
		E308C9662CB239B800AA51D1 /* Debug */ = {
			isa = XCBuildConfiguration;
			buildSettings = {
				BUNDLE_LOADER = "$(TEST_HOST)";
				CODE_SIGN_STYLE = Automatic;
				CURRENT_PROJECT_VERSION = 1;
				GENERATE_INFOPLIST_FILE = YES;
				IPHONEOS_DEPLOYMENT_TARGET = 16.6;
				MARKETING_VERSION = 1.0;
				PRODUCT_BUNDLE_IDENTIFIER = com.Fetch.TakeHomeExerciseTests;
				PRODUCT_NAME = "$(TARGET_NAME)";
				SWIFT_EMIT_LOC_STRINGS = NO;
				SWIFT_VERSION = 5.0;
				TARGETED_DEVICE_FAMILY = "1,2";
				TEST_HOST = "$(BUILT_PRODUCTS_DIR)/TakeHomeExercise.app/$(BUNDLE_EXECUTABLE_FOLDER_PATH)/TakeHomeExercise";
			};
			name = Debug;
		};
		E308C9672CB239B800AA51D1 /* Release */ = {
			isa = XCBuildConfiguration;
			buildSettings = {
				BUNDLE_LOADER = "$(TEST_HOST)";
				CODE_SIGN_STYLE = Automatic;
				CURRENT_PROJECT_VERSION = 1;
				GENERATE_INFOPLIST_FILE = YES;
				IPHONEOS_DEPLOYMENT_TARGET = 16.6;
				MARKETING_VERSION = 1.0;
				PRODUCT_BUNDLE_IDENTIFIER = com.Fetch.TakeHomeExerciseTests;
				PRODUCT_NAME = "$(TARGET_NAME)";
				SWIFT_EMIT_LOC_STRINGS = NO;
				SWIFT_VERSION = 5.0;
				TARGETED_DEVICE_FAMILY = "1,2";
				TEST_HOST = "$(BUILT_PRODUCTS_DIR)/TakeHomeExercise.app/$(BUNDLE_EXECUTABLE_FOLDER_PATH)/TakeHomeExercise";
			};
			name = Release;
		};
		E308C9692CB239B800AA51D1 /* Debug */ = {
			isa = XCBuildConfiguration;
			buildSettings = {
				CODE_SIGN_STYLE = Automatic;
				CURRENT_PROJECT_VERSION = 1;
				GENERATE_INFOPLIST_FILE = YES;
				IPHONEOS_DEPLOYMENT_TARGET = 16.6;
				MARKETING_VERSION = 1.0;
				PRODUCT_BUNDLE_IDENTIFIER = com.Fetch.TakeHomeExerciseUITests;
				PRODUCT_NAME = "$(TARGET_NAME)";
				SWIFT_EMIT_LOC_STRINGS = NO;
				SWIFT_VERSION = 5.0;
				TARGETED_DEVICE_FAMILY = "1,2";
				TEST_TARGET_NAME = TakeHomeExercise;
			};
			name = Debug;
		};
		E308C96A2CB239B800AA51D1 /* Release */ = {
			isa = XCBuildConfiguration;
			buildSettings = {
				CODE_SIGN_STYLE = Automatic;
				CURRENT_PROJECT_VERSION = 1;
				GENERATE_INFOPLIST_FILE = YES;
				IPHONEOS_DEPLOYMENT_TARGET = 16.6;
				MARKETING_VERSION = 1.0;
				PRODUCT_BUNDLE_IDENTIFIER = com.Fetch.TakeHomeExerciseUITests;
				PRODUCT_NAME = "$(TARGET_NAME)";
				SWIFT_EMIT_LOC_STRINGS = NO;
				SWIFT_VERSION = 5.0;
				TARGETED_DEVICE_FAMILY = "1,2";
				TEST_TARGET_NAME = TakeHomeExercise;
			};
			name = Release;
		};
/* End XCBuildConfiguration section */

/* Begin XCConfigurationList section */
		E308C9392CB239B600AA51D1 /* Build configuration list for PBXProject "TakeHomeExercise" */ = {
			isa = XCConfigurationList;
			buildConfigurations = (
				E308C9602CB239B800AA51D1 /* Debug */,
				E308C9612CB239B800AA51D1 /* Release */,
			);
			defaultConfigurationIsVisible = 0;
			defaultConfigurationName = Release;
		};
		E308C9622CB239B800AA51D1 /* Build configuration list for PBXNativeTarget "TakeHomeExercise" */ = {
			isa = XCConfigurationList;
			buildConfigurations = (
				E308C9632CB239B800AA51D1 /* Debug */,
				E308C9642CB239B800AA51D1 /* Release */,
			);
			defaultConfigurationIsVisible = 0;
			defaultConfigurationName = Release;
		};
		E308C9652CB239B800AA51D1 /* Build configuration list for PBXNativeTarget "TakeHomeExerciseTests" */ = {
			isa = XCConfigurationList;
			buildConfigurations = (
				E308C9662CB239B800AA51D1 /* Debug */,
				E308C9672CB239B800AA51D1 /* Release */,
			);
			defaultConfigurationIsVisible = 0;
			defaultConfigurationName = Release;
		};
		E308C9682CB239B800AA51D1 /* Build configuration list for PBXNativeTarget "TakeHomeExerciseUITests" */ = {
			isa = XCConfigurationList;
			buildConfigurations = (
				E308C9692CB239B800AA51D1 /* Debug */,
				E308C96A2CB239B800AA51D1 /* Release */,
			);
			defaultConfigurationIsVisible = 0;
			defaultConfigurationName = Release;
		};
/* End XCConfigurationList section */
	};
	rootObject = E308C9362CB239B600AA51D1 /* Project object */;
}
